{
  "name": "@mithray/hashtml",
  "version": "0.0.1",
  "lockfileVersion": 1,
  "requires": true,
  "dependencies": {
    "array-iterate": {
      "version": "1.1.2",
      "resolved": "https://registry.npmjs.org/array-iterate/-/array-iterate-1.1.2.tgz",
      "integrity": "sha512-1hWSHTIlG/8wtYD+PPX5AOBtKWngpDFjrsrHgZpe+JdgNGz0udYu6ZIkAa/xuenIUEqFv7DvE2Yr60jxweJSrQ=="
    },
    "camel-case": {
      "version": "3.0.0",
      "resolved": "https://registry.npmjs.org/camel-case/-/camel-case-3.0.0.tgz",
      "integrity": "sha1-yjw2iKTpzzpM2nd9xNy8cTJJz3M=",
      "requires": {
        "no-case": "^2.2.0",
        "upper-case": "^1.1.1"
      }
    },
    "clean-css": {
      "version": "4.2.1",
      "resolved": "https://registry.npmjs.org/clean-css/-/clean-css-4.2.1.tgz",
      "integrity": "sha512-4ZxI6dy4lrY6FHzfiy1aEOXgu4LIsW2MhwG0VBKdcoGoH/XLFgaHSdLTGr4O8Be6A8r3MOphEiI8Gc1n0ecf3g==",
      "requires": {
        "source-map": "~0.6.0"
      }
    },
    "collapse-white-space": {
      "version": "1.0.4",
      "resolved": "https://registry.npmjs.org/collapse-white-space/-/collapse-white-space-1.0.4.tgz",
      "integrity": "sha512-YfQ1tAUZm561vpYD+5eyWN8+UsceQbSrqqlc/6zDY2gtAE+uZLSdkkovhnGpmCThsvKBFakq4EdY/FF93E8XIw=="
    },
    "comma-separated-tokens": {
      "version": "1.0.5",
      "resolved": "https://registry.npmjs.org/comma-separated-tokens/-/comma-separated-tokens-1.0.5.tgz",
      "integrity": "sha512-Cg90/fcK93n0ecgYTAz1jaA3zvnQ0ExlmKY1rdbyHqAx6BHxwoJc+J7HDu0iuQ7ixEs1qaa+WyQ6oeuBpYP1iA==",
      "requires": {
        "trim": "0.0.1"
      }
    },
    "commander": {
      "version": "2.17.1",
      "resolved": "https://registry.npmjs.org/commander/-/commander-2.17.1.tgz",
      "integrity": "sha512-wPMUt6FnH2yzG95SA6mzjQOEKUU3aLaDEmzs1ti+1E9h+CsrZghRlqEM/EJ4KscsQVG8uNN4uVreUeT8+drlgg=="
    },
    "flatmap": {
      "version": "0.0.3",
      "resolved": "https://registry.npmjs.org/flatmap/-/flatmap-0.0.3.tgz",
      "integrity": "sha1-Hxik2TgVLUlZZfnJWNkjqy3WabQ="
    },
    "hast-util-embedded": {
      "version": "1.0.2",
      "resolved": "https://registry.npmjs.org/hast-util-embedded/-/hast-util-embedded-1.0.2.tgz",
      "integrity": "sha512-m09+gydYBWVT2Csfau4OtkzpMV5HYtWrTTT1cbokW/Pqz/6re8qP2wZ9zuMmBz3SfBQVXyLJF+9q8Ut//KED4w==",
      "requires": {
        "hast-util-is-element": "^1.0.0"
      }
    },
    "hast-util-from-string": {
      "version": "1.0.1",
      "resolved": "https://registry.npmjs.org/hast-util-from-string/-/hast-util-from-string-1.0.1.tgz",
      "integrity": "sha512-W291XYtmyaNvrERJXKc7O6uK/6W3ocw1Uk0YPyqG8H/MgadwjJ0lg09FChPcZhjqHxaGJP/unVfcuannUMQIgA=="
    },
    "hast-util-has-property": {
      "version": "1.0.2",
      "resolved": "https://registry.npmjs.org/hast-util-has-property/-/hast-util-has-property-1.0.2.tgz",
      "integrity": "sha512-EBzRiKIIe9wouLSjqun5ti0oYcEe5U1eEpuOPtcihmP3KvFRovOmmXypf1B/QalQr9S4YoVgLOSg6gW98ihRbA=="
    },
    "hast-util-is-body-ok-link": {
      "version": "1.0.1",
      "resolved": "https://registry.npmjs.org/hast-util-is-body-ok-link/-/hast-util-is-body-ok-link-1.0.1.tgz",
      "integrity": "sha512-qFDY0oz0lbc0DOcy61BSgJo+wi/ykFs4p95YjrtRP81eNfmBPs/Z0j4WLFmepJ6znfxLlRcPpic8FOdzCD5aKw==",
      "requires": {
        "hast-util-has-property": "^1.0.0",
        "hast-util-is-element": "^1.0.0"
      }
    },
    "hast-util-is-conditional-comment": {
      "version": "1.0.1",
      "resolved": "https://registry.npmjs.org/hast-util-is-conditional-comment/-/hast-util-is-conditional-comment-1.0.1.tgz",
      "integrity": "sha512-aN3uwV455ZHTXpXkY2T7rz0DKfd48lMOUGx6FiDaCWDGMecWl5Dwkn+CrUshX7io5v5us0tR0RoUHhex/Xk2/g=="
    },
    "hast-util-is-css-link": {
      "version": "1.0.1",
      "resolved": "https://registry.npmjs.org/hast-util-is-css-link/-/hast-util-is-css-link-1.0.1.tgz",
      "integrity": "sha512-DjUvrvPOF+6gnSww72gIEamwAx4Bvc0XSFbJoIOfaML3xTqmFJw7SFuKuAt0mQEdOSKDv98IJDmQHT+HVViCuA==",
      "requires": {
        "trim": "^0.0.1"
      }
    },
    "hast-util-is-css-style": {
      "version": "1.0.1",
      "resolved": "https://registry.npmjs.org/hast-util-is-css-style/-/hast-util-is-css-style-1.0.1.tgz",
      "integrity": "sha512-+4C3m7tciYPXVWsQCwNUSsFEPj6i6YNp1DCxX9hQzeVI/w3MO49WjhgjfcvbsqC2xhKVEMpsH8peHLmvVEmQdA==",
      "requires": {
        "trim": "0.0.1"
      }
    },
    "hast-util-is-element": {
      "version": "1.0.2",
      "resolved": "https://registry.npmjs.org/hast-util-is-element/-/hast-util-is-element-1.0.2.tgz",
      "integrity": "sha512-4MEtyofNi3ZunPFrp9NpTQdNPN24xvLX3M+Lr/RGgPX6TLi+wR4/DqeoyQ7lwWcfUp4aevdt4RR0r7ZQPFbHxw=="
    },
    "hast-util-is-event-handler": {
      "version": "1.0.1",
      "resolved": "https://registry.npmjs.org/hast-util-is-event-handler/-/hast-util-is-event-handler-1.0.1.tgz",
      "integrity": "sha512-1RwrXjX3R5il9G7EohOM0fImo5F/JCKSGPz5QdPtETttPo9lo0UYqgBma4qd0CYJdOFQFwWGpSthOq+6RKqf3w=="
    },
    "hast-util-is-javascript": {
      "version": "1.0.1",
      "resolved": "https://registry.npmjs.org/hast-util-is-javascript/-/hast-util-is-javascript-1.0.1.tgz",
      "integrity": "sha512-/vHqfIR/wU2i56FWGbXfDFK8Us4D+50/+kNwg/RCq+wDELMsh0pEN8uOdRIeyX5wpgyhprAjZGqe2apTguWRvQ==",
      "requires": {
        "hast-util-has-property": "^1.0.0",
        "hast-util-is-element": "^1.0.0",
        "trim": "0.0.1"
      }
    },
    "hast-util-to-string": {
      "version": "1.0.1",
      "resolved": "https://registry.npmjs.org/hast-util-to-string/-/hast-util-to-string-1.0.1.tgz",
      "integrity": "sha512-EC6awGe0ZMUNYmS2hMVaKZxvjVtQA4RhXjtgE20AxGG49MM7OUUfaHc6VcVYv2YwzNlrZQGe5teimCxW1Rk+fA=="
    },
    "he": {
      "version": "1.2.0",
      "resolved": "https://registry.npmjs.org/he/-/he-1.2.0.tgz",
      "integrity": "sha512-F/1DnUGPopORZi0ni+CvrCgHQ5FyEAHRLSApuYWMmrbSwoN2Mn/7k+Gl38gJnR7yyDZk6WLXwiGod1JOWNDKGw=="
    },
    "html-minifier": {
      "version": "3.5.21",
      "resolved": "https://registry.npmjs.org/html-minifier/-/html-minifier-3.5.21.tgz",
      "integrity": "sha512-LKUKwuJDhxNa3uf/LPR/KVjm/l3rBqtYeCOAekvG8F1vItxMUpueGd94i/asDDr8/1u7InxzFA5EeGjhhG5mMA==",
      "requires": {
        "camel-case": "3.0.x",
        "clean-css": "4.2.x",
        "commander": "2.17.x",
        "he": "1.2.x",
        "param-case": "2.1.x",
        "relateurl": "0.2.x",
        "uglify-js": "3.4.x"
      }
    },
    "html-url-attributes": {
      "version": "1.0.0",
      "resolved": "https://registry.npmjs.org/html-url-attributes/-/html-url-attributes-1.0.0.tgz",
      "integrity": "sha1-e0yOlalf3pk6N1vhoWK7LLBY58I="
    },
    "html-whitespace-sensitive-tag-names": {
      "version": "1.0.0",
      "resolved": "https://registry.npmjs.org/html-whitespace-sensitive-tag-names/-/html-whitespace-sensitive-tag-names-1.0.0.tgz",
      "integrity": "sha1-/W7To9Yxzik0Gu/iao/qcg0636c="
    },
    "lower-case": {
      "version": "1.1.4",
      "resolved": "https://registry.npmjs.org/lower-case/-/lower-case-1.1.4.tgz",
      "integrity": "sha1-miyr0bno4K6ZOkv31YdcOcQujqw="
    },
    "no-case": {
      "version": "2.3.2",
      "resolved": "https://registry.npmjs.org/no-case/-/no-case-2.3.2.tgz",
      "integrity": "sha512-rmTZ9kz+f3rCvK2TD1Ue/oZlns7OGoIWP4fc3llxxRXlOkHKoWPPWJOfFYpITabSow43QJbRIoHQXtt10VldyQ==",
      "requires": {
        "lower-case": "^1.1.1"
      }
    },
    "param-case": {
      "version": "2.1.1",
      "resolved": "https://registry.npmjs.org/param-case/-/param-case-2.1.1.tgz",
      "integrity": "sha1-35T9jPZTHs915r75oIWPvHK+Ikc=",
      "requires": {
        "no-case": "^2.2.0"
      }
    },
    "rehype-minify-attribute-whitespace": {
      "version": "1.0.1",
      "resolved": "https://registry.npmjs.org/rehype-minify-attribute-whitespace/-/rehype-minify-attribute-whitespace-1.0.1.tgz",
      "integrity": "sha512-w4xmi7sKx9vFIl0PTyFeJzHerpTTyxen4/5kZgltjI7gJ3bsUxDV8mbFPl6CEfyHXPkr6/Y2DUHryllbKRjC7w==",
      "requires": {
        "hast-util-has-property": "^1.0.0",
        "hast-util-is-element": "^1.0.0",
        "hast-util-is-event-handler": "^1.0.0",
        "trim": "^0.0.1",
        "unist-util-visit": "^1.0.0",
        "x-is-array": "^0.1.0"
      }
    },
    "rehype-minify-css-style": {
      "version": "1.1.0",
      "resolved": "https://registry.npmjs.org/rehype-minify-css-style/-/rehype-minify-css-style-1.1.0.tgz",
      "integrity": "sha1-yndIIq6x+we0PXhBcoLTUZyHTtA=",
      "requires": {
        "clean-css": "^4.0.12",
        "hast-util-from-string": "^1.0.0",
        "hast-util-is-css-style": "^1.0.0",
        "hast-util-to-string": "^1.0.0",
        "unist-util-visit": "^1.0.0"
      }
    },
    "rehype-minify-enumerated-attribute": {
      "version": "2.0.0",
      "resolved": "https://registry.npmjs.org/rehype-minify-enumerated-attribute/-/rehype-minify-enumerated-attribute-2.0.0.tgz",
      "integrity": "sha512-Xaa95gHGrNf9SNYxqtNHovtW9kVVtoBlV1cQ8C9VeBiOyY5N3jCe0ui6FmeXd+ic6H8wNM5UgyLNUImQyj4nzw==",
      "requires": {
        "hast-util-has-property": "^1.0.0",
        "hast-util-is-element": "^1.0.0",
        "unist-util-visit": "^1.1.0"
      }
    },
    "rehype-minify-event-handler": {
      "version": "1.1.0",
      "resolved": "https://registry.npmjs.org/rehype-minify-event-handler/-/rehype-minify-event-handler-1.1.0.tgz",
      "integrity": "sha512-JjhU/UUU2Q70ady6OXeZC/xdHuDzEjNVJNXncxEcvcSYP3qJwO/v22d9FEMvTnHjCg2wpGy1br2EIoXaSKY4sg==",
      "requires": {
        "hast-util-has-property": "^1.0.0",
        "hast-util-is-event-handler": "^1.0.0",
        "trim": "0.0.1",
        "uglify-js": "^3.0.18",
        "unist-util-visit": "^1.0.0"
      }
    },
    "rehype-minify-javascript-script": {
      "version": "2.0.0",
      "resolved": "https://registry.npmjs.org/rehype-minify-javascript-script/-/rehype-minify-javascript-script-2.0.0.tgz",
      "integrity": "sha512-P4M37Fz1gnXthvoooaI7wQ1BhqJMIyobzzJNGQL5hove4UNDH8LaF6IpXOPEXVeac+TpSP/cd+deEwaIGbHMWw==",
      "requires": {
        "hast-util-from-string": "^1.0.0",
        "hast-util-has-property": "^1.0.0",
        "hast-util-is-javascript": "^1.0.0",
        "hast-util-to-string": "^1.0.0",
        "uglify-js": "^3.0.18",
        "unist-util-visit": "^1.0.0"
      }
    },
    "rehype-minify-javascript-url": {
      "version": "2.0.0",
      "resolved": "https://registry.npmjs.org/rehype-minify-javascript-url/-/rehype-minify-javascript-url-2.0.0.tgz",
      "integrity": "sha512-yLPScdRQdG1cfWFTuG4vk21hNgPWI4UArEXsnSu2WPQtv+sgL6A32Ro6EuvnG6ArXsYwaynQNT+iTNbQHCAzqQ==",
      "requires": {
        "hast-util-has-property": "^1.0.0",
        "hast-util-is-element": "^1.0.0",
        "html-url-attributes": "^1.0.0",
        "trim": "0.0.1",
        "uglify-js": "^3.0.18",
        "unist-util-visit": "^1.0.0"
      }
    },
    "rehype-minify-json-script": {
      "version": "1.0.0",
      "resolved": "https://registry.npmjs.org/rehype-minify-json-script/-/rehype-minify-json-script-1.0.0.tgz",
      "integrity": "sha1-4TImRydlnx6bfdwgh9+jDViXONQ=",
      "requires": {
        "hast-util-from-string": "^1.0.0",
        "hast-util-is-element": "^1.0.0",
        "hast-util-to-string": "^1.0.0",
        "unist-util-visit": "^1.0.0"
      }
    },
    "rehype-minify-media-attribute": {
      "version": "1.1.0",
      "resolved": "https://registry.npmjs.org/rehype-minify-media-attribute/-/rehype-minify-media-attribute-1.1.0.tgz",
      "integrity": "sha1-FlzeWAE6S+3C4NZiI2kE7n3C8/Y=",
      "requires": {
        "clean-css": "^4.0.12",
        "hast-util-is-element": "^1.0.0",
        "unist-util-visit": "^1.0.0"
      }
    },
    "rehype-minify-meta-color": {
      "version": "1.1.0",
      "resolved": "https://registry.npmjs.org/rehype-minify-meta-color/-/rehype-minify-meta-color-1.1.0.tgz",
      "integrity": "sha1-+r6V47lN7B283oWlMx5ESJjnhLI=",
      "requires": {
        "clean-css": "^4.0.12",
        "hast-util-has-property": "^1.0.0",
        "hast-util-is-element": "^1.0.0",
        "unist-util-visit": "^1.0.0"
      }
    },
    "rehype-minify-meta-content": {
      "version": "1.0.1",
      "resolved": "https://registry.npmjs.org/rehype-minify-meta-content/-/rehype-minify-meta-content-1.0.1.tgz",
      "integrity": "sha512-T1RaKTJlsqrUbgs9zZmkxU38fz9UhLs9T5WkjnugtJrvZ0Q4oHsHMj5gvEj75GNtKqTBjnmtsCoXkf6WeYOBpw==",
      "requires": {
        "comma-separated-tokens": "^1.0.2",
        "hast-util-has-property": "^1.0.0",
        "hast-util-is-element": "^1.0.0",
        "unist-util-visit": "^1.0.0"
      }
    },
    "rehype-minify-style-attribute": {
      "version": "1.1.0",
      "resolved": "https://registry.npmjs.org/rehype-minify-style-attribute/-/rehype-minify-style-attribute-1.1.0.tgz",
      "integrity": "sha1-M/pd+Yj9IiSEW4m2WzldA52K/0o=",
      "requires": {
        "clean-css": "^4.0.12",
        "hast-util-has-property": "^1.0.0",
        "unist-util-visit": "^1.0.0"
      }
    },
    "rehype-minify-whitespace": {
      "version": "2.0.3",
      "resolved": "https://registry.npmjs.org/rehype-minify-whitespace/-/rehype-minify-whitespace-2.0.3.tgz",
      "integrity": "sha512-KzOH3F92J7Wvr3WuaqSO69FuN+vwbitVYxdSolLXrwLwdo67VXn/qSYGR7gnYDJKgfm/+m3l8hZHY43Zg+YscQ==",
      "requires": {
        "collapse-white-space": "^1.0.0",
        "hast-util-embedded": "^1.0.0",
        "hast-util-has-property": "^1.0.0",
        "hast-util-is-body-ok-link": "^1.0.0",
        "hast-util-is-element": "^1.0.0",
        "html-whitespace-sensitive-tag-names": "^1.0.0",
        "unist-util-is": "^2.0.0",
        "unist-util-modify-children": "^1.0.0"
      }
    },
    "rehype-normalize-attribute-value-case": {
      "version": "1.0.1",
      "resolved": "https://registry.npmjs.org/rehype-normalize-attribute-value-case/-/rehype-normalize-attribute-value-case-1.0.1.tgz",
      "integrity": "sha512-EVCY772epjvC1+QkqvOpc6QYoqhQavPwq6fekKU17Qy5pNmohHZsz5/SqztslW+ZCSxjkBXhG6a0Pcd10DMn+A==",
      "requires": {
        "hast-util-has-property": "^1.0.0",
        "hast-util-is-element": "^1.0.0",
        "unist-util-visit": "^1.1.0",
        "x-is-array": "^0.1.0"
      }
    },
    "rehype-preset-minify": {
      "version": "3.0.0",
      "resolved": "https://registry.npmjs.org/rehype-preset-minify/-/rehype-preset-minify-3.0.0.tgz",
      "integrity": "sha512-dwDjQ5p/IgMcOuhBUBQcbFQVxqfHqCgVJ08vzAaj+Krb4sSgwMjWI/ESVK4CD5yZ5BvBNmmvBPP+YpnWflfhjg==",
      "requires": {
        "rehype-minify-attribute-whitespace": "^1.0.0",
        "rehype-minify-css-style": "^1.0.0",
        "rehype-minify-enumerated-attribute": "^2.0.0",
        "rehype-minify-event-handler": "^1.0.0",
        "rehype-minify-javascript-script": "^2.0.0",
        "rehype-minify-javascript-url": "^2.0.0",
        "rehype-minify-json-script": "^1.0.0",
        "rehype-minify-media-attribute": "^1.0.0",
        "rehype-minify-meta-color": "^1.0.0",
        "rehype-minify-meta-content": "^1.0.0",
        "rehype-minify-style-attribute": "^1.0.0",
        "rehype-minify-whitespace": "^2.0.0",
        "rehype-normalize-attribute-value-case": "^1.0.0",
        "rehype-remove-comments": "^2.0.0",
        "rehype-remove-duplicate-attribute-values": "^1.0.0",
        "rehype-remove-empty-attribute": "^1.0.0",
        "rehype-remove-external-script-content": "^1.0.0",
        "rehype-remove-meta-http-equiv": "^1.0.0",
        "rehype-remove-script-type-javascript": "^1.0.0",
        "rehype-remove-style-type-css": "^1.0.0",
        "rehype-sort-attribute-values": "^2.0.0",
        "rehype-sort-attributes": "^2.0.0"
      }
    },
    "rehype-remove-comments": {
      "version": "2.0.1",
      "resolved": "https://registry.npmjs.org/rehype-remove-comments/-/rehype-remove-comments-2.0.1.tgz",
      "integrity": "sha512-kuSGK8KockwcQARqRboundBGkDs6bESQF88BoqlA9EJwP6glXUTPA0B5mCrSZQd9b6Wp10EI7+/xgIfU0ZJ7gg==",
      "requires": {
        "hast-util-is-conditional-comment": "^1.0.0",
        "unist-util-filter": "^1.0.0"
      }
    },
    "rehype-remove-duplicate-attribute-values": {
      "version": "1.0.1",
      "resolved": "https://registry.npmjs.org/rehype-remove-duplicate-attribute-values/-/rehype-remove-duplicate-attribute-values-1.0.1.tgz",
      "integrity": "sha512-+RxBOzv+I6SOHVEJX9XQXhA2VPAYbLve9P/p+ECN7m08C7Wy8w6E5Nm3cAwjKN9HglP1wKuodiBVfwUpkANfyA==",
      "requires": {
        "hast-util-is-element": "^1.0.0",
        "uniq": "^1.0.1",
        "unist-util-visit": "^1.0.0",
        "x-is-array": "^0.1.0"
      }
    },
    "rehype-remove-empty-attribute": {
      "version": "1.0.1",
      "resolved": "https://registry.npmjs.org/rehype-remove-empty-attribute/-/rehype-remove-empty-attribute-1.0.1.tgz",
      "integrity": "sha512-8d7j3BaBWikDEbQ67Zct5TPa4519xixRnuN1sYm9jdH6LQyd+yvb323qMaVTmPPfIF/dXhtN/8ejUHRCIbEuqw==",
      "requires": {
        "hast-util-is-element": "^1.0.0",
        "hast-util-is-event-handler": "^1.0.0",
        "unist-util-visit": "^1.0.0",
        "x-is-array": "^0.1.0"
      }
    },
    "rehype-remove-external-script-content": {
      "version": "1.0.0",
      "resolved": "https://registry.npmjs.org/rehype-remove-external-script-content/-/rehype-remove-external-script-content-1.0.0.tgz",
      "integrity": "sha1-BgiBXhQWG8lZFGRp2f2YtNNUS80=",
      "requires": {
        "hast-util-has-property": "^1.0.0",
        "hast-util-is-javascript": "^1.0.0",
        "unist-util-visit": "^1.0.0"
      }
    },
    "rehype-remove-meta-http-equiv": {
      "version": "1.0.0",
      "resolved": "https://registry.npmjs.org/rehype-remove-meta-http-equiv/-/rehype-remove-meta-http-equiv-1.0.0.tgz",
      "integrity": "sha1-40ik0r3VGGzq4fw+Qd9FDUYeHj4=",
      "requires": {
        "hast-util-has-property": "^1.0.0",
        "hast-util-is-element": "^1.0.0",
        "space-separated-tokens": "^1.0.0",
        "unist-util-visit": "^1.0.0"
      }
    },
    "rehype-remove-script-type-javascript": {
      "version": "1.0.0",
      "resolved": "https://registry.npmjs.org/rehype-remove-script-type-javascript/-/rehype-remove-script-type-javascript-1.0.0.tgz",
      "integrity": "sha1-qSRUHxMzvNso/UD8lVDSZST27Gk=",
      "requires": {
        "hast-util-is-javascript": "^1.0.0",
        "unist-util-visit": "^1.0.0"
      }
    },
    "rehype-remove-style-type-css": {
      "version": "1.0.0",
      "resolved": "https://registry.npmjs.org/rehype-remove-style-type-css/-/rehype-remove-style-type-css-1.0.0.tgz",
      "integrity": "sha1-C1xqxCj8D/9kM4CIn1SnSWnNKzQ=",
      "requires": {
        "hast-util-is-css-link": "^1.0.0",
        "hast-util-is-css-style": "^1.0.0",
        "unist-util-visit": "^1.0.0"
      }
    },
    "rehype-sort-attribute-values": {
      "version": "2.0.0",
      "resolved": "https://registry.npmjs.org/rehype-sort-attribute-values/-/rehype-sort-attribute-values-2.0.0.tgz",
      "integrity": "sha512-m7gr8inuS0aY+ZBtpGnXqPcUw7p0S2sbkKPNf1MKFApedywlYvkJCFqRwL8xzYQXruUiCY/7tFpTp3yyLt0ftA==",
      "requires": {
        "hast-util-is-element": "^1.0.0",
        "unist-util-visit": "^1.1.0",
        "x-is-array": "^0.1.0"
      }
    },
    "rehype-sort-attributes": {
      "version": "2.0.0",
      "resolved": "https://registry.npmjs.org/rehype-sort-attributes/-/rehype-sort-attributes-2.0.0.tgz",
      "integrity": "sha512-GiezrmdHtSnVKaeHkffQjy9RRVhzDHxxz47UURDiP8qXDCnqPHky90xQgnz6o+SgO2vuvItt2YPdXjbvR3uR4A==",
      "requires": {
        "unist-util-visit": "^1.0.0"
      }
    },
    "relateurl": {
      "version": "0.2.7",
      "resolved": "https://registry.npmjs.org/relateurl/-/relateurl-0.2.7.tgz",
      "integrity": "sha1-VNvzd+UUQKypCkzSdGANP/LYiKk="
    },
    "source-map": {
      "version": "0.6.1",
      "resolved": "https://registry.npmjs.org/source-map/-/source-map-0.6.1.tgz",
      "integrity": "sha512-UjgapumWlbMhkBgzT7Ykc5YXUT46F0iKu8SGXq0bcwP5dz/h0Plj6enJqjz1Zbq2l5WaqYnrVbwWOWMyF3F47g=="
    },
    "space-separated-tokens": {
      "version": "1.1.2",
      "resolved": "https://registry.npmjs.org/space-separated-tokens/-/space-separated-tokens-1.1.2.tgz",
      "integrity": "sha512-G3jprCEw+xFEs0ORweLmblJ3XLymGGr6hxZYTYZjIlvDti9vOBUjRQa1Rzjt012aRrocKstHwdNi+F7HguPsEA==",
      "requires": {
        "trim": "0.0.1"
      }
    },
    "trim": {
      "version": "0.0.1",
      "resolved": "https://registry.npmjs.org/trim/-/trim-0.0.1.tgz",
      "integrity": "sha1-WFhUf2spB1fulczMZm+1AITEYN0="
    },
    "uglify-js": {
      "version": "3.4.9",
      "resolved": "https://registry.npmjs.org/uglify-js/-/uglify-js-3.4.9.tgz",
      "integrity": "sha512-8CJsbKOtEbnJsTyv6LE6m6ZKniqMiFWmm9sRbopbkGs3gMPPfd3Fh8iIA4Ykv5MgaTbqHr4BaoGLJLZNhsrW1Q==",
      "requires": {
        "commander": "~2.17.1",
        "source-map": "~0.6.1"
      }
    },
    "uniq": {
      "version": "1.0.1",
      "resolved": "https://registry.npmjs.org/uniq/-/uniq-1.0.1.tgz",
      "integrity": "sha1-sxxa6CVIRKOoKBVBzisEuGWnNP8="
    },
    "unist-util-filter": {
      "version": "1.0.0",
      "resolved": "https://registry.npmjs.org/unist-util-filter/-/unist-util-filter-1.0.0.tgz",
      "integrity": "sha512-Jo80oYI0yH9SuJmqwDJ1zKYfiBJBJNglEXcLK6OywqroZuImPvBJlPezcOsbXkgMzUQd1GyMacp4KYoyigi/4w==",
      "requires": {
        "flatmap": "0.0.3",
        "unist-util-is": "^2.0.0"
      }
    },
    "unist-util-is": {
      "version": "2.1.2",
      "resolved": "https://registry.npmjs.org/unist-util-is/-/unist-util-is-2.1.2.tgz",
      "integrity": "sha512-YkXBK/H9raAmG7KXck+UUpnKiNmUdB+aBGrknfQ4EreE1banuzrKABx3jP6Z5Z3fMSPMQQmeXBlKpCbMwBkxVw=="
    },
    "unist-util-modify-children": {
      "version": "1.1.3",
      "resolved": "https://registry.npmjs.org/unist-util-modify-children/-/unist-util-modify-children-1.1.3.tgz",
      "integrity": "sha512-Aw3Us+NPrJGYWyLhcaqYzgxd/pryIanDNHVVvwdtTEEQ3Yfa/+sjnT2EeAAHbtTMAaYEdPW3XN6jxbzVWAo/BQ==",
      "requires": {
        "array-iterate": "^1.0.0"
      }
    },
    "unist-util-visit": {
      "version": "1.4.0",
      "resolved": "https://registry.npmjs.org/unist-util-visit/-/unist-util-visit-1.4.0.tgz",
      "integrity": "sha512-FiGu34ziNsZA3ZUteZxSFaczIjGmksfSgdKqBfOejrrfzyUy5b7YrlzT1Bcvi+djkYDituJDy2XB7tGTeBieKw==",
      "requires": {
        "unist-util-visit-parents": "^2.0.0"
      }
    },
    "unist-util-visit-parents": {
      "version": "2.0.1",
      "resolved": "https://registry.npmjs.org/unist-util-visit-parents/-/unist-util-visit-parents-2.0.1.tgz",
      "integrity": "sha512-6B0UTiMfdWql4cQ03gDTCSns+64Zkfo2OCbK31Ov0uMizEz+CJeAp0cgZVb5Fhmcd7Bct2iRNywejT0orpbqUA==",
      "requires": {
        "unist-util-is": "^2.1.2"
      }
    },
    "upper-case": {
      "version": "1.1.3",
      "resolved": "https://registry.npmjs.org/upper-case/-/upper-case-1.1.3.tgz",
      "integrity": "sha1-9rRQHC7EzdJrp4vnIilh3ndiFZg="
    },
    "x-is-array": {
      "version": "0.1.0",
      "resolved": "https://registry.npmjs.org/x-is-array/-/x-is-array-0.1.0.tgz",
      "integrity": "sha1-3lIBcdR7P0FvVYfWKbidJrEtwp0="
    }
  }
}
